
Microsoft Visual Studio Solution File, Format Version 12.00
# Visual Studio Version 17
VisualStudioVersion = 17.6.33723.286
MinimumVisualStudioVersion = 10.0.40219.1
Project("{FAE04EC0-301F-11D3-BF4B-00C04F79EFBC}") = "Interfaces and Abstract Lab", "Interfaces and Abstract Lab.csproj", "{F3F9AD1B-E081-4E00-B7B8-2F09BD6CF366}"
EndProject
Global
	GlobalSection(SolutionConfigurationPlatforms) = preSolution
		Debug|Any CPU = Debug|Any CPU
		Release|Any CPU = Release|Any CPU
	EndGlobalSection
	GlobalSection(ProjectConfigurationPlatforms) = postSolution
		{F3F9AD1B-E081-4E00-B7B8-2F09BD6CF366}.Debug|Any CPU.ActiveCfg = Debug|Any CPU
		{F3F9AD1B-E081-4E00-B7B8-2F09BD6CF366}.Debug|Any CPU.Build.0 = Debug|Any CPU
		{F3F9AD1B-E081-4E00-B7B8-2F09BD6CF366}.Release|Any CPU.ActiveCfg = Release|Any CPU
		{F3F9AD1B-E081-4E00-B7B8-2F09BD6CF366}.Release|Any CPU.Build.0 = Release|Any CPU
	EndGlobalSection
	GlobalSection(SolutionProperties) = preSolution
		HideSolutionNode = FALSE
	EndGlobalSection
	GlobalSection(ExtensibilityGlobals) = postSolution
		SolutionGuid = {DF174D72-B279-4DE6-B09A-233125534307}
	EndGlobalSection
EndGlobal
